{
  "nodes": {
    "nixpkgs": {
      "locked": {
        "lastModified": 0,
        "narHash": "sha256-+/bYK3DbPxMIvSL4zArkMX0LQvS7rzBKXnDXLfKyRVc=",
        "path": "/nix/store/brjzz8wv5k09bq0yrvhc1j4hd8677k21-source",
        "type": "path"
      },
      "original": {
        "id": "nixpkgs",
        "type": "indirect"
      }
    },
    "root": {
      "inputs": {
        "nixpkgs": "nixpkgs",
        "rust-overlay": "rust-overlay"
      }
    },
    "rust-overlay": {
      "inputs": {
        "nixpkgs": [
          "nixpkgs"
        ]
      },
      "locked": {
        "lastModified": 1740018520,
        "narHash": "sha256-mU6H0Q1WPn0XuwBO9SLZb/1yeVMfvsifBJcXNlhB+Ts=",
        "owner": "oxalica",
        "repo": "rust-overlay",
        "rev": "7f6ecf3b7c5bfcc4730943a767630122efd09dc8",
        "type": "github"
      },
      "original": {
        "owner": "oxalica",
        "repo": "rust-overlay",
        "type": "github"
      }
    }
  },
  "root": "root",
  "version": 7
}
